<?xml version="1.0" encoding="utf-8"?>
<Project ToolsVersion="4.0" xmlns="http://schemas.microsoft.com/developer/msbuild/2003">
  <ItemGroup>
    <Filter Include="소스 파일">
      <UniqueIdentifier>{4FC737F1-C7A5-4376-A066-2A32D752A2FF}</UniqueIdentifier>
      <Extensions>cpp;c;cc;cxx;c++;cppm;ixx;def;odl;idl;hpj;bat;asm;asmx</Extensions>
    </Filter>
    <Filter Include="헤더 파일">
      <UniqueIdentifier>{93995380-89BD-4b04-88EB-625FBE52EBFB}</UniqueIdentifier>
      <Extensions>h;hh;hpp;hxx;h++;hm;inl;inc;ipp;xsd</Extensions>
    </Filter>
    <Filter Include="리소스 파일">
      <UniqueIdentifier>{67DA6AB6-F800-4c08-8B7A-83BB121AAD01}</UniqueIdentifier>
      <Extensions>rc;ico;cur;bmp;dlg;rc2;rct;bin;rgs;gif;jpg;jpeg;jpe;resx;tiff;tif;png;wav;mfcribbon-ms</Extensions>
    </Filter>
    <Filter Include="소스 파일\Solved">
      <UniqueIdentifier>{874829bc-5468-484e-8069-93410ada2f25}</UniqueIdentifier>
    </Filter>
    <Filter Include="소스 파일\CodingTest">
      <UniqueIdentifier>{da5fa253-b7a1-405e-94ea-c864319cbe1b}</UniqueIdentifier>
    </Filter>
    <Filter Include="소스 파일\Algorithm">
      <UniqueIdentifier>{e5aa39a8-3bc5-419d-bcda-be8372b65d34}</UniqueIdentifier>
    </Filter>
  </ItemGroup>
  <ItemGroup>
    <ClCompile Include="Solved\458_Bipartite Maching O.cpp">
      <Filter>소스 파일\Solved</Filter>
    </ClCompile>
    <ClCompile Include="Solved\1003 O.cpp">
      <Filter>소스 파일\Solved</Filter>
    </ClCompile>
    <ClCompile Include="Solved\1012 O.cpp">
      <Filter>소스 파일\Solved</Filter>
    </ClCompile>
    <ClCompile Include="Solved\1018 O.cpp">
      <Filter>소스 파일\Solved</Filter>
    </ClCompile>
    <ClCompile Include="Solved\1062 O.cpp">
      <Filter>소스 파일\Solved</Filter>
    </ClCompile>
    <ClCompile Include="Solved\1068 O.cpp">
      <Filter>소스 파일\Solved</Filter>
    </ClCompile>
    <ClCompile Include="Solved\1072 O.cpp">
      <Filter>소스 파일\Solved</Filter>
    </ClCompile>
    <ClCompile Include="Solved\1074 O.cpp">
      <Filter>소스 파일\Solved</Filter>
    </ClCompile>
    <ClCompile Include="Solved\1085 O.cpp">
      <Filter>소스 파일\Solved</Filter>
    </ClCompile>
    <ClCompile Include="Solved\1094 O.cpp">
      <Filter>소스 파일\Solved</Filter>
    </ClCompile>
    <ClCompile Include="Solved\1103 O.cpp">
      <Filter>소스 파일\Solved</Filter>
    </ClCompile>
    <ClCompile Include="Solved\1107 O.cpp">
      <Filter>소스 파일\Solved</Filter>
    </ClCompile>
    <ClCompile Include="Solved\1149 O.cpp">
      <Filter>소스 파일\Solved</Filter>
    </ClCompile>
    <ClCompile Include="Solved\1152 O.cpp">
      <Filter>소스 파일\Solved</Filter>
    </ClCompile>
    <ClCompile Include="Solved\1159 O.cpp">
      <Filter>소스 파일\Solved</Filter>
    </ClCompile>
    <ClCompile Include="Solved\1167 O.cpp">
      <Filter>소스 파일\Solved</Filter>
    </ClCompile>
    <ClCompile Include="Solved\1189 O.cpp">
      <Filter>소스 파일\Solved</Filter>
    </ClCompile>
    <ClCompile Include="Solved\1193 O.cpp">
      <Filter>소스 파일\Solved</Filter>
    </ClCompile>
    <ClCompile Include="Solved\1197 O.cpp">
      <Filter>소스 파일\Solved</Filter>
    </ClCompile>
    <ClCompile Include="Solved\1202 O.cpp">
      <Filter>소스 파일\Solved</Filter>
    </ClCompile>
    <ClCompile Include="Solved\1213 O.cpp">
      <Filter>소스 파일\Solved</Filter>
    </ClCompile>
    <ClCompile Include="Solved\1219_Bellman O.cpp">
      <Filter>소스 파일\Solved</Filter>
    </ClCompile>
    <ClCompile Include="Solved\1238_Dijk O.cpp">
      <Filter>소스 파일\Solved</Filter>
    </ClCompile>
    <ClCompile Include="Solved\1259 O.cpp">
      <Filter>소스 파일\Solved</Filter>
    </ClCompile>
    <ClCompile Include="Solved\1260 O.cpp">
      <Filter>소스 파일\Solved</Filter>
    </ClCompile>
    <ClCompile Include="Solved\1280 O.cpp">
      <Filter>소스 파일\Solved</Filter>
    </ClCompile>
    <ClCompile Include="Solved\1285 O.cpp">
      <Filter>소스 파일\Solved</Filter>
    </ClCompile>
    <ClCompile Include="Solved\1315 O.cpp">
      <Filter>소스 파일\Solved</Filter>
    </ClCompile>
    <ClCompile Include="Solved\1316 O.cpp">
      <Filter>소스 파일\Solved</Filter>
    </ClCompile>
    <ClCompile Include="Solved\1325 O.cpp">
      <Filter>소스 파일\Solved</Filter>
    </ClCompile>
    <ClCompile Include="Solved\1344 O.cpp">
      <Filter>소스 파일\Solved</Filter>
    </ClCompile>
    <ClCompile Include="Solved\1418 O.cpp">
      <Filter>소스 파일\Solved</Filter>
    </ClCompile>
    <ClCompile Include="Solved\1436 O.cpp">
      <Filter>소스 파일\Solved</Filter>
    </ClCompile>
    <ClCompile Include="Solved\1450 O.cpp">
      <Filter>소스 파일\Solved</Filter>
    </ClCompile>
    <ClCompile Include="Solved\1463 O.cpp">
      <Filter>소스 파일\Solved</Filter>
    </ClCompile>
    <ClCompile Include="Solved\1480 O.cpp">
      <Filter>소스 파일\Solved</Filter>
    </ClCompile>
    <ClCompile Include="Solved\1486_Floyd O.cpp">
      <Filter>소스 파일\Solved</Filter>
    </ClCompile>
    <ClCompile Include="Solved\1509 O.cpp">
      <Filter>소스 파일\Solved</Filter>
    </ClCompile>
    <ClCompile Include="Solved\1513 O.cpp">
      <Filter>소스 파일\Solved</Filter>
    </ClCompile>
    <ClCompile Include="Solved\1514 O.cpp">
      <Filter>소스 파일\Solved</Filter>
    </ClCompile>
    <ClCompile Include="Solved\1535 O.cpp">
      <Filter>소스 파일\Solved</Filter>
    </ClCompile>
    <ClCompile Include="Solved\1561 O.cpp">
      <Filter>소스 파일\Solved</Filter>
    </ClCompile>
    <ClCompile Include="Solved\1613_Floyd O.cpp">
      <Filter>소스 파일\Solved</Filter>
    </ClCompile>
    <ClCompile Include="Solved\1620 O.cpp">
      <Filter>소스 파일\Solved</Filter>
    </ClCompile>
    <ClCompile Include="Solved\1629 O.cpp">
      <Filter>소스 파일\Solved</Filter>
    </ClCompile>
    <ClCompile Include="Solved\1644 O.cpp">
      <Filter>소스 파일\Solved</Filter>
    </ClCompile>
    <ClCompile Include="Solved\1647_Kruskal O.cpp">
      <Filter>소스 파일\Solved</Filter>
    </ClCompile>
    <ClCompile Include="Solved\1647_Prim O.cpp">
      <Filter>소스 파일\Solved</Filter>
    </ClCompile>
    <ClCompile Include="Solved\1697 O.cpp">
      <Filter>소스 파일\Solved</Filter>
    </ClCompile>
    <ClCompile Include="Solved\1700 O.cpp">
      <Filter>소스 파일\Solved</Filter>
    </ClCompile>
    <ClCompile Include="Solved\1753 O.cpp">
      <Filter>소스 파일\Solved</Filter>
    </ClCompile>
    <ClCompile Include="Solved\1781 O.cpp">
      <Filter>소스 파일\Solved</Filter>
    </ClCompile>
    <ClCompile Include="Solved\1806 O.cpp">
      <Filter>소스 파일\Solved</Filter>
    </ClCompile>
    <ClCompile Include="Solved\1865 O.cpp">
      <Filter>소스 파일\Solved</Filter>
    </ClCompile>
    <ClCompile Include="Solved\1904 O.cpp">
      <Filter>소스 파일\Solved</Filter>
    </ClCompile>
    <ClCompile Include="Solved\1911 O.cpp">
      <Filter>소스 파일\Solved</Filter>
    </ClCompile>
    <ClCompile Include="Solved\1912 O.cpp">
      <Filter>소스 파일\Solved</Filter>
    </ClCompile>
    <ClCompile Include="Solved\1916_Bellman O.cpp">
      <Filter>소스 파일\Solved</Filter>
    </ClCompile>
    <ClCompile Include="Solved\1916_Dijk O.cpp">
      <Filter>소스 파일\Solved</Filter>
    </ClCompile>
    <ClCompile Include="Solved\1920 O.cpp">
      <Filter>소스 파일\Solved</Filter>
    </ClCompile>
    <ClCompile Include="Solved\1922_Prim O.cpp">
      <Filter>소스 파일\Solved</Filter>
    </ClCompile>
    <ClCompile Include="Solved\1931 O.cpp">
      <Filter>소스 파일\Solved</Filter>
    </ClCompile>
    <ClCompile Include="Solved\1932 O.cpp">
      <Filter>소스 파일\Solved</Filter>
    </ClCompile>
    <ClCompile Include="Solved\1940 O.cpp">
      <Filter>소스 파일\Solved</Filter>
    </ClCompile>
    <ClCompile Include="Solved\1987 O.cpp">
      <Filter>소스 파일\Solved</Filter>
    </ClCompile>
    <ClCompile Include="Solved\1992 O.cpp">
      <Filter>소스 파일\Solved</Filter>
    </ClCompile>
    <ClCompile Include="Solved\2042 O.cpp">
      <Filter>소스 파일\Solved</Filter>
    </ClCompile>
    <ClCompile Include="Solved\2098 O.cpp">
      <Filter>소스 파일\Solved</Filter>
    </ClCompile>
    <ClCompile Include="Solved\2108 O.cpp">
      <Filter>소스 파일\Solved</Filter>
    </ClCompile>
    <ClCompile Include="Solved\2109 O.cpp">
      <Filter>소스 파일\Solved</Filter>
    </ClCompile>
    <ClCompile Include="Solved\2156 O.cpp">
      <Filter>소스 파일\Solved</Filter>
    </ClCompile>
    <ClCompile Include="Solved\2170 O.cpp">
      <Filter>소스 파일\Solved</Filter>
    </ClCompile>
    <ClCompile Include="Solved\2178 O.cpp">
      <Filter>소스 파일\Solved</Filter>
    </ClCompile>
    <ClCompile Include="Solved\2234 O.cpp">
      <Filter>소스 파일\Solved</Filter>
    </ClCompile>
    <ClCompile Include="Solved\2240 O.cpp">
      <Filter>소스 파일\Solved</Filter>
    </ClCompile>
    <ClCompile Include="Solved\2292 O.cpp">
      <Filter>소스 파일\Solved</Filter>
    </ClCompile>
    <ClCompile Include="Solved\2293 O.cpp">
      <Filter>소스 파일\Solved</Filter>
    </ClCompile>
    <ClCompile Include="Solved\2294 O.cpp">
      <Filter>소스 파일\Solved</Filter>
    </ClCompile>
    <ClCompile Include="Solved\2302 O.cpp">
      <Filter>소스 파일\Solved</Filter>
    </ClCompile>
    <ClCompile Include="Solved\2304 O.cpp">
      <Filter>소스 파일\Solved</Filter>
    </ClCompile>
    <ClCompile Include="Solved\2309 O.cpp">
      <Filter>소스 파일\Solved</Filter>
    </ClCompile>
    <ClCompile Include="Solved\2342 O.cpp">
      <Filter>소스 파일\Solved</Filter>
    </ClCompile>
    <ClCompile Include="Solved\2343 O.cpp">
      <Filter>소스 파일\Solved</Filter>
    </ClCompile>
    <ClCompile Include="Solved\2438 O.cpp">
      <Filter>소스 파일\Solved</Filter>
    </ClCompile>
    <ClCompile Include="Solved\2444 O.cpp">
      <Filter>소스 파일\Solved</Filter>
    </ClCompile>
    <ClCompile Include="Solved\2467 O.cpp">
      <Filter>소스 파일\Solved</Filter>
    </ClCompile>
    <ClCompile Include="Solved\2468 O.cpp">
      <Filter>소스 파일\Solved</Filter>
    </ClCompile>
    <ClCompile Include="Solved\2473 O.cpp">
      <Filter>소스 파일\Solved</Filter>
    </ClCompile>
    <ClCompile Include="Solved\2480 O.cpp">
      <Filter>소스 파일\Solved</Filter>
    </ClCompile>
    <ClCompile Include="Solved\2525 O.cpp">
      <Filter>소스 파일\Solved</Filter>
    </ClCompile>
    <ClCompile Include="Solved\2529 O.cpp">
      <Filter>소스 파일\Solved</Filter>
    </ClCompile>
    <ClCompile Include="Solved\2559 O.cpp">
      <Filter>소스 파일\Solved</Filter>
    </ClCompile>
    <ClCompile Include="Solved\2563 O.cpp">
      <Filter>소스 파일\Solved</Filter>
    </ClCompile>
    <ClCompile Include="Solved\2565 O.cpp">
      <Filter>소스 파일\Solved</Filter>
    </ClCompile>
    <ClCompile Include="Solved\2579 O.cpp">
      <Filter>소스 파일\Solved</Filter>
    </ClCompile>
    <ClCompile Include="Solved\2583 O.cpp">
      <Filter>소스 파일\Solved</Filter>
    </ClCompile>
    <ClCompile Include="Solved\2589 O.cpp">
      <Filter>소스 파일\Solved</Filter>
    </ClCompile>
    <ClCompile Include="Solved\2606 O.cpp">
      <Filter>소스 파일\Solved</Filter>
    </ClCompile>
    <ClCompile Include="Solved\2618 O.cpp">
      <Filter>소스 파일\Solved</Filter>
    </ClCompile>
    <ClCompile Include="Solved\2623 O.cpp">
      <Filter>소스 파일\Solved</Filter>
    </ClCompile>
    <ClCompile Include="Solved\2632 O.cpp">
      <Filter>소스 파일\Solved</Filter>
    </ClCompile>
    <ClCompile Include="Solved\2636 O.cpp">
      <Filter>소스 파일\Solved</Filter>
    </ClCompile>
    <ClCompile Include="Solved\2638 O.cpp">
      <Filter>소스 파일\Solved</Filter>
    </ClCompile>
    <ClCompile Include="Solved\2670 O.cpp">
      <Filter>소스 파일\Solved</Filter>
    </ClCompile>
    <ClCompile Include="Solved\2675 O.cpp">
      <Filter>소스 파일\Solved</Filter>
    </ClCompile>
    <ClCompile Include="Solved\2738 O.cpp">
      <Filter>소스 파일\Solved</Filter>
    </ClCompile>
    <ClCompile Include="Solved\2739 O.cpp">
      <Filter>소스 파일\Solved</Filter>
    </ClCompile>
    <ClCompile Include="Solved\2748 O.cpp">
      <Filter>소스 파일\Solved</Filter>
    </ClCompile>
    <ClCompile Include="Solved\2753 O.cpp">
      <Filter>소스 파일\Solved</Filter>
    </ClCompile>
    <ClCompile Include="Solved\2775 O.cpp">
      <Filter>소스 파일\Solved</Filter>
    </ClCompile>
    <ClCompile Include="Solved\2776 O.cpp">
      <Filter>소스 파일\Solved</Filter>
    </ClCompile>
    <ClCompile Include="Solved\2792 O.cpp">
      <Filter>소스 파일\Solved</Filter>
    </ClCompile>
    <ClCompile Include="Solved\2798 O.cpp">
      <Filter>소스 파일\Solved</Filter>
    </ClCompile>
    <ClCompile Include="Solved\2828 O.cpp">
      <Filter>소스 파일\Solved</Filter>
    </ClCompile>
    <ClCompile Include="Solved\2839 O.cpp">
      <Filter>소스 파일\Solved</Filter>
    </ClCompile>
    <ClCompile Include="Solved\2852 O.cpp">
      <Filter>소스 파일\Solved</Filter>
    </ClCompile>
    <ClCompile Include="Solved\2869 O.cpp">
      <Filter>소스 파일\Solved</Filter>
    </ClCompile>
    <ClCompile Include="Solved\2870 O.cpp">
      <Filter>소스 파일\Solved</Filter>
    </ClCompile>
    <ClCompile Include="Solved\2884 O.cpp">
      <Filter>소스 파일\Solved</Filter>
    </ClCompile>
    <ClCompile Include="Solved\2887 O.cpp">
      <Filter>소스 파일\Solved</Filter>
    </ClCompile>
    <ClCompile Include="Solved\2910 O.cpp">
      <Filter>소스 파일\Solved</Filter>
    </ClCompile>
    <ClCompile Include="Solved\2941 O.cpp">
      <Filter>소스 파일\Solved</Filter>
    </ClCompile>
    <ClCompile Include="Solved\2979 O.cpp">
      <Filter>소스 파일\Solved</Filter>
    </ClCompile>
    <ClCompile Include="Solved\3015 O.cpp">
      <Filter>소스 파일\Solved</Filter>
    </ClCompile>
    <ClCompile Include="Solved\3190 O.cpp">
      <Filter>소스 파일\Solved</Filter>
    </ClCompile>
    <ClCompile Include="Solved\3197 O.cpp">
      <Filter>소스 파일\Solved</Filter>
    </ClCompile>
    <ClCompile Include="Solved\3273 O.cpp">
      <Filter>소스 파일\Solved</Filter>
    </ClCompile>
    <ClCompile Include="Solved\3474 O.cpp">
      <Filter>소스 파일\Solved</Filter>
    </ClCompile>
    <ClCompile Include="Solved\3653 TimedOut.cpp">
      <Filter>소스 파일\Solved</Filter>
    </ClCompile>
    <ClCompile Include="Solved\3687 O.cpp">
      <Filter>소스 파일\Solved</Filter>
    </ClCompile>
    <ClCompile Include="Solved\3986 O.cpp">
      <Filter>소스 파일\Solved</Filter>
    </ClCompile>
    <ClCompile Include="Solved\4153 O.cpp">
      <Filter>소스 파일\Solved</Filter>
    </ClCompile>
    <ClCompile Include="Solved\4179 O.cpp">
      <Filter>소스 파일\Solved</Filter>
    </ClCompile>
    <ClCompile Include="Solved\4375.cpp">
      <Filter>소스 파일\Solved</Filter>
    </ClCompile>
    <ClCompile Include="Solved\4659 O.cpp">
      <Filter>소스 파일\Solved</Filter>
    </ClCompile>
    <ClCompile Include="Solved\4781 O.cpp">
      <Filter>소스 파일\Solved</Filter>
    </ClCompile>
    <ClCompile Include="Solved\4811 O.cpp">
      <Filter>소스 파일\Solved</Filter>
    </ClCompile>
    <ClCompile Include="Solved\4949 O.cpp">
      <Filter>소스 파일\Solved</Filter>
    </ClCompile>
    <ClCompile Include="Solved\5419 O.cpp">
      <Filter>소스 파일\Solved</Filter>
    </ClCompile>
    <ClCompile Include="Solved\5430 O.cpp">
      <Filter>소스 파일\Solved</Filter>
    </ClCompile>
    <ClCompile Include="Solved\5557 O.cpp">
      <Filter>소스 파일\Solved</Filter>
    </ClCompile>
    <ClCompile Include="Solved\5622 O.cpp">
      <Filter>소스 파일\Solved</Filter>
    </ClCompile>
    <ClCompile Include="Solved\5719_Dijk O.cpp">
      <Filter>소스 파일\Solved</Filter>
    </ClCompile>
    <ClCompile Include="Solved\6236 O.cpp">
      <Filter>소스 파일\Solved</Filter>
    </ClCompile>
    <ClCompile Include="Solved\7569 O.cpp">
      <Filter>소스 파일\Solved</Filter>
    </ClCompile>
    <ClCompile Include="Solved\7576 O.cpp">
      <Filter>소스 파일\Solved</Filter>
    </ClCompile>
    <ClCompile Include="Solved\7785 O.cpp">
      <Filter>소스 파일\Solved</Filter>
    </ClCompile>
    <ClCompile Include="Solved\7795 O.cpp">
      <Filter>소스 파일\Solved</Filter>
    </ClCompile>
    <ClCompile Include="Solved\8958 O.cpp">
      <Filter>소스 파일\Solved</Filter>
    </ClCompile>
    <ClCompile Include="Solved\9012 O.cpp">
      <Filter>소스 파일\Solved</Filter>
    </ClCompile>
    <ClCompile Include="Solved\9251 O.cpp">
      <Filter>소스 파일\Solved</Filter>
    </ClCompile>
    <ClCompile Include="Solved\9252 O.cpp">
      <Filter>소스 파일\Solved</Filter>
    </ClCompile>
    <ClCompile Include="Solved\9370_Dijk O.cpp">
      <Filter>소스 파일\Solved</Filter>
    </ClCompile>
    <ClCompile Include="Solved\9375 O.cpp">
      <Filter>소스 파일\Solved</Filter>
    </ClCompile>
    <ClCompile Include="Solved\9461 O.cpp">
      <Filter>소스 파일\Solved</Filter>
    </ClCompile>
    <ClCompile Include="Solved\9498 O.cpp">
      <Filter>소스 파일\Solved</Filter>
    </ClCompile>
    <ClCompile Include="Solved\9934 O.cpp">
      <Filter>소스 파일\Solved</Filter>
    </ClCompile>
    <ClCompile Include="Solved\9935 O.cpp">
      <Filter>소스 파일\Solved</Filter>
    </ClCompile>
    <ClCompile Include="Solved\9996 O.cpp">
      <Filter>소스 파일\Solved</Filter>
    </ClCompile>
    <ClCompile Include="Solved\10250 O.cpp">
      <Filter>소스 파일\Solved</Filter>
    </ClCompile>
    <ClCompile Include="Solved\10709 O.cpp">
      <Filter>소스 파일\Solved</Filter>
    </ClCompile>
    <ClCompile Include="Solved\10773 O.cpp">
      <Filter>소스 파일\Solved</Filter>
    </ClCompile>
    <ClCompile Include="Solved\10808 O.cpp">
      <Filter>소스 파일\Solved</Filter>
    </ClCompile>
    <ClCompile Include="Solved\10809 O.cpp">
      <Filter>소스 파일\Solved</Filter>
    </ClCompile>
    <ClCompile Include="Solved\10816 O.cpp">
      <Filter>소스 파일\Solved</Filter>
    </ClCompile>
    <ClCompile Include="Solved\10844 O.cpp">
      <Filter>소스 파일\Solved</Filter>
    </ClCompile>
    <ClCompile Include="Solved\10942 O.cpp">
      <Filter>소스 파일\Solved</Filter>
    </ClCompile>
    <ClCompile Include="Solved\10988 O.cpp">
      <Filter>소스 파일\Solved</Filter>
    </ClCompile>
    <ClCompile Include="Solved\11053 O.cpp">
      <Filter>소스 파일\Solved</Filter>
    </ClCompile>
    <ClCompile Include="Solved\11054 O.cpp">
      <Filter>소스 파일\Solved</Filter>
    </ClCompile>
    <ClCompile Include="Solved\11286 O.cpp">
      <Filter>소스 파일\Solved</Filter>
    </ClCompile>
    <ClCompile Include="Solved\11375_Bipartite Maching O.cpp">
      <Filter>소스 파일\Solved</Filter>
    </ClCompile>
    <ClCompile Include="Solved\11382 O.cpp">
      <Filter>소스 파일\Solved</Filter>
    </ClCompile>
    <ClCompile Include="Solved\11404 O.cpp">
      <Filter>소스 파일\Solved</Filter>
    </ClCompile>
    <ClCompile Include="Solved\11655 O.cpp">
      <Filter>소스 파일\Solved</Filter>
    </ClCompile>
    <ClCompile Include="Solved\11657 O.cpp">
      <Filter>소스 파일\Solved</Filter>
    </ClCompile>
    <ClCompile Include="Solved\11658 O.cpp">
      <Filter>소스 파일\Solved</Filter>
    </ClCompile>
    <ClCompile Include="Solved\11660 O.cpp">
      <Filter>소스 파일\Solved</Filter>
    </ClCompile>
    <ClCompile Include="Solved\11718 O.cpp">
      <Filter>소스 파일\Solved</Filter>
    </ClCompile>
    <ClCompile Include="Solved\11723 O.cpp">
      <Filter>소스 파일\Solved</Filter>
    </ClCompile>
    <ClCompile Include="Solved\11725 O.cpp">
      <Filter>소스 파일\Solved</Filter>
    </ClCompile>
    <ClCompile Include="Solved\12100 O.cpp">
      <Filter>소스 파일\Solved</Filter>
    </ClCompile>
    <ClCompile Include="Solved\12847 O.cpp">
      <Filter>소스 파일\Solved</Filter>
    </ClCompile>
    <ClCompile Include="Solved\12851 O.cpp">
      <Filter>소스 파일\Solved</Filter>
    </ClCompile>
    <ClCompile Include="Solved\12852 O.cpp">
      <Filter>소스 파일\Solved</Filter>
    </ClCompile>
    <ClCompile Include="Solved\12865 O.cpp">
      <Filter>소스 파일\Solved</Filter>
    </ClCompile>
    <ClCompile Include="Solved\12865_dp O.cpp">
      <Filter>소스 파일\Solved</Filter>
    </ClCompile>
    <ClCompile Include="Solved\12869 O.cpp">
      <Filter>소스 파일\Solved</Filter>
    </ClCompile>
    <ClCompile Include="Solved\13144 O.cpp">
      <Filter>소스 파일\Solved</Filter>
    </ClCompile>
    <ClCompile Include="Solved\13244 O.cpp">
      <Filter>소스 파일\Solved</Filter>
    </ClCompile>
    <ClCompile Include="Solved\13549 O.cpp">
      <Filter>소스 파일\Solved</Filter>
    </ClCompile>
    <ClCompile Include="Solved\13913 O.cpp">
      <Filter>소스 파일\Solved</Filter>
    </ClCompile>
    <ClCompile Include="Solved\14002 O.cpp">
      <Filter>소스 파일\Solved</Filter>
    </ClCompile>
    <ClCompile Include="Solved\14003 O.cpp">
      <Filter>소스 파일\Solved</Filter>
    </ClCompile>
    <ClCompile Include="Solved\14391 O.cpp">
      <Filter>소스 파일\Solved</Filter>
    </ClCompile>
    <ClCompile Include="Solved\14405 O.cpp">
      <Filter>소스 파일\Solved</Filter>
    </ClCompile>
    <ClCompile Include="Solved\14469 O.cpp">
      <Filter>소스 파일\Solved</Filter>
    </ClCompile>
    <ClCompile Include="Solved\14497 O.cpp">
      <Filter>소스 파일\Solved</Filter>
    </ClCompile>
    <ClCompile Include="Solved\14502 O.cpp">
      <Filter>소스 파일\Solved</Filter>
    </ClCompile>
    <ClCompile Include="Solved\14620 O.cpp">
      <Filter>소스 파일\Solved</Filter>
    </ClCompile>
    <ClCompile Include="Solved\14627.cpp">
      <Filter>소스 파일\Solved</Filter>
    </ClCompile>
    <ClCompile Include="Solved\14681 O.cpp">
      <Filter>소스 파일\Solved</Filter>
    </ClCompile>
    <ClCompile Include="Solved\14729 O.cpp">
      <Filter>소스 파일\Solved</Filter>
    </ClCompile>
    <ClCompile Include="Solved\14863 O.cpp">
      <Filter>소스 파일\Solved</Filter>
    </ClCompile>
    <ClCompile Include="Solved\14867 O.cpp">
      <Filter>소스 파일\Solved</Filter>
    </ClCompile>
    <ClCompile Include="Solved\14888 O.cpp">
      <Filter>소스 파일\Solved</Filter>
    </ClCompile>
    <ClCompile Include="Solved\14889 O.cpp">
      <Filter>소스 파일\Solved</Filter>
    </ClCompile>
    <ClCompile Include="Solved\14890 O.cpp">
      <Filter>소스 파일\Solved</Filter>
    </ClCompile>
    <ClCompile Include="Solved\15353 O.cpp">
      <Filter>소스 파일\Solved</Filter>
    </ClCompile>
    <ClCompile Include="Solved\15650 O.cpp">
      <Filter>소스 파일\Solved</Filter>
    </ClCompile>
    <ClCompile Include="Solved\15662 O.cpp">
      <Filter>소스 파일\Solved</Filter>
    </ClCompile>
    <ClCompile Include="Solved\15684 O.cpp">
      <Filter>소스 파일\Solved</Filter>
    </ClCompile>
    <ClCompile Include="Solved\15685 O.cpp">
      <Filter>소스 파일\Solved</Filter>
    </ClCompile>
    <ClCompile Include="Solved\15686 O.cpp">
      <Filter>소스 파일\Solved</Filter>
    </ClCompile>
    <ClCompile Include="Solved\15783 O.cpp">
      <Filter>소스 파일\Solved</Filter>
    </ClCompile>
    <ClCompile Include="Solved\15926 O.cpp">
      <Filter>소스 파일\Solved</Filter>
    </ClCompile>
    <ClCompile Include="Solved\15989 O.cpp">
      <Filter>소스 파일\Solved</Filter>
    </ClCompile>
    <ClCompile Include="Solved\16118_dijk O.cpp">
      <Filter>소스 파일\Solved</Filter>
    </ClCompile>
    <ClCompile Include="Solved\16234 O.cpp">
      <Filter>소스 파일\Solved</Filter>
    </ClCompile>
    <ClCompile Include="Solved\16235 O.cpp">
      <Filter>소스 파일\Solved</Filter>
    </ClCompile>
    <ClCompile Include="Solved\16434 O.cpp">
      <Filter>소스 파일\Solved</Filter>
    </ClCompile>
    <ClCompile Include="Solved\16434_Greedy O.cpp">
      <Filter>소스 파일\Solved</Filter>
    </ClCompile>
    <ClCompile Include="Solved\16637 O.cpp">
      <Filter>소스 파일\Solved</Filter>
    </ClCompile>
    <ClCompile Include="Solved\16953 O.cpp">
      <Filter>소스 파일\Solved</Filter>
    </ClCompile>
    <ClCompile Include="Solved\17070 O.cpp">
      <Filter>소스 파일\Solved</Filter>
    </ClCompile>
    <ClCompile Include="Solved\17071 O.cpp">
      <Filter>소스 파일\Solved</Filter>
    </ClCompile>
    <ClCompile Include="Solved\17136 O.cpp">
      <Filter>소스 파일\Solved</Filter>
    </ClCompile>
    <ClCompile Include="Solved\17143 O.cpp">
      <Filter>소스 파일\Solved</Filter>
    </ClCompile>
    <ClCompile Include="Solved\17144  O.cpp">
      <Filter>소스 파일\Solved</Filter>
    </ClCompile>
    <ClCompile Include="Solved\17258 O.cpp">
      <Filter>소스 파일\Solved</Filter>
    </ClCompile>
    <ClCompile Include="Solved\17297 O.cpp">
      <Filter>소스 파일\Solved</Filter>
    </ClCompile>
    <ClCompile Include="Solved\17298 O.cpp">
      <Filter>소스 파일\Solved</Filter>
    </ClCompile>
    <ClCompile Include="Solved\17404 O.cpp">
      <Filter>소스 파일\Solved</Filter>
    </ClCompile>
    <ClCompile Include="Solved\17406 O.cpp">
      <Filter>소스 파일\Solved</Filter>
    </ClCompile>
    <ClCompile Include="Solved\17412 O.cpp">
      <Filter>소스 파일\Solved</Filter>
    </ClCompile>
    <ClCompile Include="Solved\17471 O.cpp">
      <Filter>소스 파일\Solved</Filter>
    </ClCompile>
    <ClCompile Include="Solved\17623 O.cpp">
      <Filter>소스 파일\Solved</Filter>
    </ClCompile>
    <ClCompile Include="Solved\17822 O.cpp">
      <Filter>소스 파일\Solved</Filter>
    </ClCompile>
    <ClCompile Include="Solved\17825 O.cpp">
      <Filter>소스 파일\Solved</Filter>
    </ClCompile>
    <ClCompile Include="Solved\17837 O.cpp">
      <Filter>소스 파일\Solved</Filter>
    </ClCompile>
    <ClCompile Include="Solved\19942 O.cpp">
      <Filter>소스 파일\Solved</Filter>
    </ClCompile>
    <ClCompile Include="Solved\20303 O.cpp">
      <Filter>소스 파일\Solved</Filter>
    </ClCompile>
    <ClCompile Include="Solved\25206 O.cpp">
      <Filter>소스 파일\Solved</Filter>
    </ClCompile>
    <ClCompile Include="Solved\27172 O.cpp">
      <Filter>소스 파일\Solved</Filter>
    </ClCompile>
    <ClCompile Include="Solved\110172 O.cpp">
      <Filter>소스 파일\Solved</Filter>
    </ClCompile>
    <ClCompile Include="Solved\Nexon Maple_1.cpp">
      <Filter>소스 파일\CodingTest</Filter>
    </ClCompile>
    <ClCompile Include="Solved\Nexon_Maple_3.cpp">
      <Filter>소스 파일\CodingTest</Filter>
    </ClCompile>
    <ClCompile Include="Solved\Nexon_Maple_4 O.cpp">
      <Filter>소스 파일\CodingTest</Filter>
    </ClCompile>
    <ClCompile Include="Solved\Nexon_Maple_5.cpp">
      <Filter>소스 파일\CodingTest</Filter>
    </ClCompile>
    <ClCompile Include="Solved\Combination.cpp">
      <Filter>소스 파일\Algorithm</Filter>
    </ClCompile>
    <ClCompile Include="Solved\Permutation.cpp">
      <Filter>소스 파일\Algorithm</Filter>
    </ClCompile>
    <ClCompile Include="Solved\17612 O.cpp">
      <Filter>소스 파일\Solved</Filter>
    </ClCompile>
    <ClCompile Include="Solved\4485_2nDijk O.cpp">
      <Filter>소스 파일\Solved</Filter>
    </ClCompile>
    <ClCompile Include="Solved\5373 O.cpp">
      <Filter>소스 파일\Solved</Filter>
    </ClCompile>
    <ClCompile Include="14864 O.cpp">
      <Filter>소스 파일\Solved</Filter>
    </ClCompile>
    <ClCompile Include="Solved\15972_Dijk O.cpp">
      <Filter>소스 파일\Solved</Filter>
    </ClCompile>
    <ClCompile Include="Solved\17616 O.cpp">
      <Filter>소스 파일\Solved</Filter>
    </ClCompile>
    <ClCompile Include="Solved\17611 O.cpp">
      <Filter>소스 파일\Solved</Filter>
    </ClCompile>
    <ClCompile Include="1786_KMP O.cpp">
      <Filter>소스 파일\Solved</Filter>
    </ClCompile>
    <ClCompile Include="1701_KMP O.cpp">
      <Filter>소스 파일\Solved</Filter>
    </ClCompile>
    <ClCompile Include="14517_Palindrome O.cpp">
      <Filter>소스 파일\Solved</Filter>
    </ClCompile>
    <ClCompile Include="Solved\1010_dp O.cpp">
      <Filter>소스 파일\Solved</Filter>
    </ClCompile>
    <ClCompile Include="Solved\2805_2ptr O.cpp">
      <Filter>소스 파일\Solved</Filter>
    </ClCompile>
    <ClCompile Include="Solved\9625_dp O.cpp">
      <Filter>소스 파일\Solved</Filter>
    </ClCompile>
    <ClCompile Include="17020_dp O.cpp">
      <Filter>소스 파일\Solved</Filter>
    </ClCompile>
    <ClCompile Include="Solved\10826_dp O.cpp">
      <Filter>소스 파일\Solved</Filter>
    </ClCompile>
    <ClCompile Include="Solved\9655_dp O.cpp">
      <Filter>소스 파일\Solved</Filter>
    </ClCompile>
    <ClCompile Include="13301_dp O.cpp">
      <Filter>소스 파일\Solved</Filter>
    </ClCompile>
    <ClCompile Include="Solved\14606_dp O.cpp">
      <Filter>소스 파일\Solved</Filter>
    </ClCompile>
    <ClCompile Include="Solved\14916_dp O.cpp">
      <Filter>소스 파일\Solved</Filter>
    </ClCompile>
    <ClCompile Include="Solved\15312_dp O.cpp">
      <Filter>소스 파일\Solved</Filter>
    </ClCompile>
    <ClCompile Include="Solved\16395_dp O.cpp">
      <Filter>소스 파일\Solved</Filter>
    </ClCompile>
    <ClCompile Include="Solved\25644 O.cpp">
      <Filter>소스 파일\Solved</Filter>
    </ClCompile>
    <ClCompile Include="Solved\19947_dp O.cpp">
      <Filter>소스 파일\Solved</Filter>
    </ClCompile>
    <ClCompile Include="Solved\2243_sgtree O.cpp">
      <Filter>소스 파일\Solved</Filter>
    </ClCompile>
    <ClCompile Include="Solved\1086_bitmasking O.cpp">
      <Filter>소스 파일\Solved</Filter>
    </ClCompile>
    <ClCompile Include="9656_dp O.cpp">
      <Filter>소스 파일\Solved</Filter>
    </ClCompile>
    <ClCompile Include="Solved\13699_dp O.cpp">
      <Filter>소스 파일\Solved</Filter>
    </ClCompile>
    <ClCompile Include="Solved\14495_dp O.cpp">
      <Filter>소스 파일\Solved</Filter>
    </ClCompile>
    <ClCompile Include="Solved\15489_dp O.cpp">
      <Filter>소스 파일\Solved</Filter>
    </ClCompile>
    <ClCompile Include="Solved\14725_Trie O.cpp">
      <Filter>소스 파일\Solved</Filter>
    </ClCompile>
    <ClCompile Include="Solved\15624_dp O.cpp">
      <Filter>소스 파일\Solved</Filter>
    </ClCompile>
    <ClCompile Include="Solved\24417_dp O.cpp">
      <Filter>소스 파일\Solved</Filter>
    </ClCompile>
    <ClCompile Include="Solved\24418_dp O.cpp">
      <Filter>소스 파일\Solved</Filter>
    </ClCompile>
    <ClCompile Include="Solved\24419_dp O.cpp">
      <Filter>소스 파일\Solved</Filter>
    </ClCompile>
    <ClCompile Include="Solved\25214_dp O.cpp">
      <Filter>소스 파일\Solved</Filter>
    </ClCompile>
    <ClCompile Include="Solved\25706_dp O.cpp">
      <Filter>소스 파일\Solved</Filter>
    </ClCompile>
    <ClCompile Include="Solved\11266_CutComp O.cpp">
      <Filter>소스 파일\Solved</Filter>
    </ClCompile>
    <ClCompile Include="Solvoed\14425_Trie O.cpp">
      <Filter>소스 파일\Solved</Filter>
    </ClCompile>
    <ClCompile Include="Solvoed\2193_dp O.cpp">
      <Filter>소스 파일\Solved</Filter>
    </ClCompile>
    <ClCompile Include="Solvoed\1788_dp O.cpp">
      <Filter>소스 파일\Solved</Filter>
    </ClCompile>
    <ClCompile Include="Solved\6571_dp O.cpp">
      <Filter>소스 파일\Solved</Filter>
    </ClCompile>
    <ClCompile Include="Solved\6571_dp_noTMP O.cpp">
      <Filter>소스 파일\Solved</Filter>
    </ClCompile>
    <ClCompile Include="Solved\9657_dp O.cpp">
      <Filter>소스 파일\Solved</Filter>
    </ClCompile>
    <ClCompile Include="Solved\9711_dp O.cpp">
      <Filter>소스 파일\Solved</Filter>
    </ClCompile>
    <ClCompile Include="Solved\8394_dp O.cpp">
      <Filter>소스 파일\Solved</Filter>
    </ClCompile>
    <ClCompile Include="Solved\9095_dp O.cpp">
      <Filter>소스 파일\Solved</Filter>
    </ClCompile>
  </ItemGroup>
</Project>